
Microsoft Visual Studio Solution File, Format Version 12.00
# Visual Studio Version 17
VisualStudioVersion = 17.11.35208.52
MinimumVisualStudioVersion = 10.0.40219.1
Project("{FAE04EC0-301F-11D3-BF4B-00C04F79EFBC}") = "UI design (9 Sept)", "UI design (9 Sept)\UI design (9 Sept).csproj", "{CAB9D1FE-A8F8-4FBC-BAAD-02DB1CE9EB11}"
EndProject
Global
	GlobalSection(SolutionConfigurationPlatforms) = preSolution
		Debug|Any CPU = Debug|Any CPU
		Release|Any CPU = Release|Any CPU
	EndGlobalSection
	GlobalSection(ProjectConfigurationPlatforms) = postSolution
		{CAB9D1FE-A8F8-4FBC-BAAD-02DB1CE9EB11}.Debug|Any CPU.ActiveCfg = Debug|Any CPU
		{CAB9D1FE-A8F8-4FBC-BAAD-02DB1CE9EB11}.Debug|Any CPU.Build.0 = Debug|Any CPU
		{CAB9D1FE-A8F8-4FBC-BAAD-02DB1CE9EB11}.Release|Any CPU.ActiveCfg = Release|Any CPU
		{CAB9D1FE-A8F8-4FBC-BAAD-02DB1CE9EB11}.Release|Any CPU.Build.0 = Release|Any CPU
	EndGlobalSection
	GlobalSection(SolutionProperties) = preSolution
		HideSolutionNode = FALSE
	EndGlobalSection
	GlobalSection(ExtensibilityGlobals) = postSolution
		SolutionGuid = {0B7421B5-FF9A-4920-A923-7E32ACB95576}
	EndGlobalSection
EndGlobal
